// !$*UTF8*$!
{
	archiveVersion = 1;
	classes = {
	};
	objectVersion = 56;
	objects = {

/* Begin PBXBuildFile section */
		F51F29022B87019C0075C161 /* GameDataApp.swift in Sources */ = {isa = PBXBuildFile; fileRef = F51F29012B87019C0075C161 /* GameDataApp.swift */; };
		F51F29062B87019F0075C161 /* Assets.xcassets in Resources */ = {isa = PBXBuildFile; fileRef = F51F29052B87019F0075C161 /* Assets.xcassets */; };
		F51F29092B87019F0075C161 /* Preview Assets.xcassets in Resources */ = {isa = PBXBuildFile; fileRef = F51F29082B87019F0075C161 /* Preview Assets.xcassets */; };
		F51F29102B8716A00075C161 /* TabBar.swift in Sources */ = {isa = PBXBuildFile; fileRef = F51F290F2B8716A00075C161 /* TabBar.swift */; };
		F51F29132B877D5C0075C161 /* HomeView.swift in Sources */ = {isa = PBXBuildFile; fileRef = F51F29122B877D5C0075C161 /* HomeView.swift */; };
		F51F29152B877D6B0075C161 /* TopView.swift in Sources */ = {isa = PBXBuildFile; fileRef = F51F29142B877D6B0075C161 /* TopView.swift */; };
		F51F29172B877D7B0075C161 /* PlayingView.swift in Sources */ = {isa = PBXBuildFile; fileRef = F51F29162B877D7B0075C161 /* PlayingView.swift */; };
		F51F291A2B87962F0075C161 /* GameItemView.swift in Sources */ = {isa = PBXBuildFile; fileRef = F51F29192B87962F0075C161 /* GameItemView.swift */; };
		F51F291D2B879B160075C161 /* GameItemViewModel.swift in Sources */ = {isa = PBXBuildFile; fileRef = F51F291C2B879B160075C161 /* GameItemViewModel.swift */; };
		F51F291F2B879BF80075C161 /* Modelo2.swift in Sources */ = {isa = PBXBuildFile; fileRef = F51F291E2B879BF80075C161 /* Modelo2.swift */; };
/* End PBXBuildFile section */

/* Begin PBXFileReference section */
		F51F28FE2B87019C0075C161 /* GameData.app */ = {isa = PBXFileReference; explicitFileType = wrapper.application; includeInIndex = 0; path = GameData.app; sourceTree = BUILT_PRODUCTS_DIR; };
		F51F29012B87019C0075C161 /* GameDataApp.swift */ = {isa = PBXFileReference; lastKnownFileType = sourcecode.swift; path = GameDataApp.swift; sourceTree = "<group>"; };
		F51F29052B87019F0075C161 /* Assets.xcassets */ = {isa = PBXFileReference; lastKnownFileType = folder.assetcatalog; path = Assets.xcassets; sourceTree = "<group>"; };
		F51F29082B87019F0075C161 /* Preview Assets.xcassets */ = {isa = PBXFileReference; lastKnownFileType = folder.assetcatalog; path = "Preview Assets.xcassets"; sourceTree = "<group>"; };
		F51F290F2B8716A00075C161 /* TabBar.swift */ = {isa = PBXFileReference; lastKnownFileType = sourcecode.swift; path = TabBar.swift; sourceTree = "<group>"; };
		F51F29122B877D5C0075C161 /* HomeView.swift */ = {isa = PBXFileReference; lastKnownFileType = sourcecode.swift; path = HomeView.swift; sourceTree = "<group>"; };
		F51F29142B877D6B0075C161 /* TopView.swift */ = {isa = PBXFileReference; lastKnownFileType = sourcecode.swift; path = TopView.swift; sourceTree = "<group>"; };
		F51F29162B877D7B0075C161 /* PlayingView.swift */ = {isa = PBXFileReference; lastKnownFileType = sourcecode.swift; path = PlayingView.swift; sourceTree = "<group>"; };
		F51F29192B87962F0075C161 /* GameItemView.swift */ = {isa = PBXFileReference; lastKnownFileType = sourcecode.swift; path = GameItemView.swift; sourceTree = "<group>"; };
		F51F291C2B879B160075C161 /* GameItemViewModel.swift */ = {isa = PBXFileReference; lastKnownFileType = sourcecode.swift; path = GameItemViewModel.swift; sourceTree = "<group>"; };
		F51F291E2B879BF80075C161 /* Modelo2.swift */ = {isa = PBXFileReference; lastKnownFileType = sourcecode.swift; path = Modelo2.swift; sourceTree = "<group>"; };
/* End PBXFileReference section */

/* Begin PBXFrameworksBuildPhase section */
		F51F28FB2B87019C0075C161 /* Frameworks */ = {
			isa = PBXFrameworksBuildPhase;
			buildActionMask = 2147483647;
			files = (
			);
			runOnlyForDeploymentPostprocessing = 0;
		};
/* End PBXFrameworksBuildPhase section */

/* Begin PBXGroup section */
		F51F28F52B87019C0075C161 = {
			isa = PBXGroup;
			children = (
				F51F29002B87019C0075C161 /* GameData */,
				F51F28FF2B87019C0075C161 /* Products */,
			);
			sourceTree = "<group>";
		};
		F51F28FF2B87019C0075C161 /* Products */ = {
			isa = PBXGroup;
			children = (
				F51F28FE2B87019C0075C161 /* GameData.app */,
			);
			name = Products;
			sourceTree = "<group>";
		};
		F51F29002B87019C0075C161 /* GameData */ = {
			isa = PBXGroup;
			children = (
				F51F29112B877D3F0075C161 /* View */,
				F51F29182B8780100075C161 /* Model */,
				F51F291B2B8799100075C161 /* ViewModel */,
				F51F29012B87019C0075C161 /* GameDataApp.swift */,
				F51F290F2B8716A00075C161 /* TabBar.swift */,
				F51F29052B87019F0075C161 /* Assets.xcassets */,
				F51F29072B87019F0075C161 /* Preview Content */,
			);
			path = GameData;
			sourceTree = "<group>";
		};
		F51F29072B87019F0075C161 /* Preview Content */ = {
			isa = PBXGroup;
			children = (
				F51F29082B87019F0075C161 /* Preview Assets.xcassets */,
			);
			path = "Preview Content";
			sourceTree = "<group>";
		};
		F51F29112B877D3F0075C161 /* View */ = {
			isa = PBXGroup;
			children = (
				F51F29122B877D5C0075C161 /* HomeView.swift */,
				F51F29142B877D6B0075C161 /* TopView.swift */,
				F51F29162B877D7B0075C161 /* PlayingView.swift */,
				F51F29192B87962F0075C161 /* GameItemView.swift */,
			);
			path = View;
			sourceTree = "<group>";
		};
		F51F29182B8780100075C161 /* Model */ = {
			isa = PBXGroup;
			children = (
				F51F291E2B879BF80075C161 /* Modelo2.swift */,
			);
			path = Model;
			sourceTree = "<group>";
		};
		F51F291B2B8799100075C161 /* ViewModel */ = {
			isa = PBXGroup;
			children = (
				F51F291C2B879B160075C161 /* GameItemViewModel.swift */,
			);
			path = ViewModel;
			sourceTree = "<group>";
		};
/* End PBXGroup section */

/* Begin PBXNativeTarget section */
		F51F28FD2B87019C0075C161 /* GameData */ = {
			isa = PBXNativeTarget;
			buildConfigurationList = F51F290C2B87019F0075C161 /* Build configuration list for PBXNativeTarget "GameData" */;
			buildPhases = (
				F51F28FA2B87019C0075C161 /* Sources */,
				F51F28FB2B87019C0075C161 /* Frameworks */,
				F51F28FC2B87019C0075C161 /* Resources */,
			);
			buildRules = (
			);
			dependencies = (
			);
			name = GameData;
			productName = GameData;
			productReference = F51F28FE2B87019C0075C161 /* GameData.app */;
			productType = "com.apple.product-type.application";
		};
/* End PBXNativeTarget section */

/* Begin PBXProject section */
		F51F28F62B87019C0075C161 /* Project object */ = {
			isa = PBXProject;
			attributes = {
				BuildIndependentTargetsInParallel = 1;
				LastSwiftUpdateCheck = 1520;
				LastUpgradeCheck = 1520;
				TargetAttributes = {
					F51F28FD2B87019C0075C161 = {
						CreatedOnToolsVersion = 15.2;
					};
				};
			};
			buildConfigurationList = F51F28F92B87019C0075C161 /* Build configuration list for PBXProject "GameData" */;
			compatibilityVersion = "Xcode 14.0";
			developmentRegion = en;
			hasScannedForEncodings = 0;
			knownRegions = (
				en,
				Base,
			);
			mainGroup = F51F28F52B87019C0075C161;
			productRefGroup = F51F28FF2B87019C0075C161 /* Products */;
			projectDirPath = "";
			projectRoot = "";
			targets = (
				F51F28FD2B87019C0075C161 /* GameData */,
			);
		};
/* End PBXProject section */

/* Begin PBXResourcesBuildPhase section */
		F51F28FC2B87019C0075C161 /* Resources */ = {
			isa = PBXResourcesBuildPhase;
			buildActionMask = 2147483647;
			files = (
				F51F29092B87019F0075C161 /* Preview Assets.xcassets in Resources */,
				F51F29062B87019F0075C161 /* Assets.xcassets in Resources */,
			);
			runOnlyForDeploymentPostprocessing = 0;
		};
/* End PBXResourcesBuildPhase section */

/* Begin PBXSourcesBuildPhase section */
		F51F28FA2B87019C0075C161 /* Sources */ = {
			isa = PBXSourcesBuildPhase;
			buildActionMask = 2147483647;
			files = (
				F51F29172B877D7B0075C161 /* PlayingView.swift in Sources */,
				F51F29102B8716A00075C161 /* TabBar.swift in Sources */,
				F51F291A2B87962F0075C161 /* GameItemView.swift in Sources */,
				F51F29152B877D6B0075C161 /* TopView.swift in Sources */,
				F51F29132B877D5C0075C161 /* HomeView.swift in Sources */,
				F51F29022B87019C0075C161 /* GameDataApp.swift in Sources */,
				F51F291D2B879B160075C161 /* GameItemViewModel.swift in Sources */,
				F51F291F2B879BF80075C161 /* Modelo2.swift in Sources */,
			);
			runOnlyForDeploymentPostprocessing = 0;
		};
/* End PBXSourcesBuildPhase section */

/* Begin XCBuildConfiguration section */
		F51F290A2B87019F0075C161 /* Debug */ = {
			isa = XCBuildConfiguration;
			buildSettings = {
				ALWAYS_SEARCH_USER_PATHS = NO;
				ASSETCATALOG_COMPILER_GENERATE_SWIFT_ASSET_SYMBOL_EXTENSIONS = YES;
				CLANG_ANALYZER_NONNULL = YES;
				CLANG_ANALYZER_NUMBER_OBJECT_CONVERSION = YES_AGGRESSIVE;
				CLANG_CXX_LANGUAGE_STANDARD = "gnu++20";
				CLANG_ENABLE_MODULES = YES;
				CLANG_ENABLE_OBJC_ARC = YES;
				CLANG_ENABLE_OBJC_WEAK = YES;
				CLANG_WARN_BLOCK_CAPTURE_AUTORELEASING = YES;
				CLANG_WARN_BOOL_CONVERSION = YES;
				CLANG_WARN_COMMA = YES;
				CLANG_WARN_CONSTANT_CONVERSION = YES;
				CLANG_WARN_DEPRECATED_OBJC_IMPLEMENTATIONS = YES;
				CLANG_WARN_DIRECT_OBJC_ISA_USAGE = YES_ERROR;
				CLANG_WARN_DOCUMENTATION_COMMENTS = YES;
				CLANG_WARN_EMPTY_BODY = YES;
				CLANG_WARN_ENUM_CONVERSION = YES;
				CLANG_WARN_INFINITE_RECURSION = YES;
				CLANG_WARN_INT_CONVERSION = YES;
				CLANG_WARN_NON_LITERAL_NULL_CONVERSION = YES;
				CLANG_WARN_OBJC_IMPLICIT_RETAIN_SELF = YES;
				CLANG_WARN_OBJC_LITERAL_CONVERSION = YES;
				CLANG_WARN_OBJC_ROOT_CLASS = YES_ERROR;
				CLANG_WARN_QUOTED_INCLUDE_IN_FRAMEWORK_HEADER = YES;
				CLANG_WARN_RANGE_LOOP_ANALYSIS = YES;
				CLANG_WARN_STRICT_PROTOTYPES = YES;
				CLANG_WARN_SUSPICIOUS_MOVE = YES;
				CLANG_WARN_UNGUARDED_AVAILABILITY = YES_AGGRESSIVE;
				CLANG_WARN_UNREACHABLE_CODE = YES;
				CLANG_WARN__DUPLICATE_METHOD_MATCH = YES;
				COPY_PHASE_STRIP = NO;
				DEBUG_INFORMATION_FORMAT = dwarf;
				ENABLE_STRICT_OBJC_MSGSEND = YES;
				ENABLE_TESTABILITY = YES;
				ENABLE_USER_SCRIPT_SANDBOXING = YES;
				GCC_C_LANGUAGE_STANDARD = gnu17;
				GCC_DYNAMIC_NO_PIC = NO;
				GCC_NO_COMMON_BLOCKS = YES;
				GCC_OPTIMIZATION_LEVEL = 0;
				GCC_PREPROCESSOR_DEFINITIONS = (
					"DEBUG=1",
					"$(inherited)",
				);
				GCC_WARN_64_TO_32_BIT_CONVERSION = YES;
				GCC_WARN_ABOUT_RETURN_TYPE = YES_ERROR;
				GCC_WARN_UNDECLARED_SELECTOR = YES;
				GCC_WARN_UNINITIALIZED_AUTOS = YES_AGGRESSIVE;
				GCC_WARN_UNUSED_FUNCTION = YES;
				GCC_WARN_UNUSED_VARIABLE = YES;
				IPHONEOS_DEPLOYMENT_TARGET = 17.2;
				LOCALIZATION_PREFERS_STRING_CATALOGS = YES;
				MTL_ENABLE_DEBUG_INFO = INCLUDE_SOURCE;
				MTL_FAST_MATH = YES;
				ONLY_ACTIVE_ARCH = YES;
				SDKROOT = iphoneos;
				SWIFT_ACTIVE_COMPILATION_CONDITIONS = "DEBUG $(inherited)";
				SWIFT_OPTIMIZATION_LEVEL = "-Onone";
			};
			name = Debug;
		};
		F51F290B2B87019F0075C161 /* Release */ = {
			isa = XCBuildConfiguration;
			buildSettings = {
				ALWAYS_SEARCH_USER_PATHS = NO;
				ASSETCATALOG_COMPILER_GENERATE_SWIFT_ASSET_SYMBOL_EXTENSIONS = YES;
				CLANG_ANALYZER_NONNULL = YES;
				CLANG_ANALYZER_NUMBER_OBJECT_CONVERSION = YES_AGGRESSIVE;
				CLANG_CXX_LANGUAGE_STANDARD = "gnu++20";
				CLANG_ENABLE_MODULES = YES;
				CLANG_ENABLE_OBJC_ARC = YES;
				CLANG_ENABLE_OBJC_WEAK = YES;
				CLANG_WARN_BLOCK_CAPTURE_AUTORELEASING = YES;
				CLANG_WARN_BOOL_CONVERSION = YES;
				CLANG_WARN_COMMA = YES;
				CLANG_WARN_CONSTANT_CONVERSION = YES;
				CLANG_WARN_DEPRECATED_OBJC_IMPLEMENTATIONS = YES;
				CLANG_WARN_DIRECT_OBJC_ISA_USAGE = YES_ERROR;
				CLANG_WARN_DOCUMENTATION_COMMENTS = YES;
				CLANG_WARN_EMPTY_BODY = YES;
				CLANG_WARN_ENUM_CONVERSION = YES;
				CLANG_WARN_INFINITE_RECURSION = YES;
				CLANG_WARN_INT_CONVERSION = YES;
				CLANG_WARN_NON_LITERAL_NULL_CONVERSION = YES;
				CLANG_WARN_OBJC_IMPLICIT_RETAIN_SELF = YES;
				CLANG_WARN_OBJC_LITERAL_CONVERSION = YES;
				CLANG_WARN_OBJC_ROOT_CLASS = YES_ERROR;
				CLANG_WARN_QUOTED_INCLUDE_IN_FRAMEWORK_HEADER = YES;
				CLANG_WARN_RANGE_LOOP_ANALYSIS = YES;
				CLANG_WARN_STRICT_PROTOTYPES = YES;
				CLANG_WARN_SUSPICIOUS_MOVE = YES;
				CLANG_WARN_UNGUARDED_AVAILABILITY = YES_AGGRESSIVE;
				CLANG_WARN_UNREACHABLE_CODE = YES;
				CLANG_WARN__DUPLICATE_METHOD_MATCH = YES;
				COPY_PHASE_STRIP = NO;
				DEBUG_INFORMATION_FORMAT = "dwarf-with-dsym";
				ENABLE_NS_ASSERTIONS = NO;
				ENABLE_STRICT_OBJC_MSGSEND = YES;
				ENABLE_USER_SCRIPT_SANDBOXING = YES;
				GCC_C_LANGUAGE_STANDARD = gnu17;
				GCC_NO_COMMON_BLOCKS = YES;
				GCC_WARN_64_TO_32_BIT_CONVERSION = YES;
				GCC_WARN_ABOUT_RETURN_TYPE = YES_ERROR;
				GCC_WARN_UNDECLARED_SELECTOR = YES;
				GCC_WARN_UNINITIALIZED_AUTOS = YES_AGGRESSIVE;
				GCC_WARN_UNUSED_FUNCTION = YES;
				GCC_WARN_UNUSED_VARIABLE = YES;
				IPHONEOS_DEPLOYMENT_TARGET = 17.2;
				LOCALIZATION_PREFERS_STRING_CATALOGS = YES;
				MTL_ENABLE_DEBUG_INFO = NO;
				MTL_FAST_MATH = YES;
				SDKROOT = iphoneos;
				SWIFT_COMPILATION_MODE = wholemodule;
				VALIDATE_PRODUCT = YES;
			};
			name = Release;
		};
		F51F290D2B87019F0075C161 /* Debug */ = {
			isa = XCBuildConfiguration;
			buildSettings = {
				ASSETCATALOG_COMPILER_APPICON_NAME = AppIcon;
				ASSETCATALOG_COMPILER_GLOBAL_ACCENT_COLOR_NAME = AccentColor;
				CODE_SIGN_STYLE = Automatic;
				CURRENT_PROJECT_VERSION = 1;
				DEVELOPMENT_ASSET_PATHS = "\"GameData/Preview Content\"";
				ENABLE_PREVIEWS = YES;
				GENERATE_INFOPLIST_FILE = YES;
				INFOPLIST_KEY_UIApplicationSceneManifest_Generation = YES;
				INFOPLIST_KEY_UIApplicationSupportsIndirectInputEvents = YES;
				INFOPLIST_KEY_UILaunchScreen_Generation = YES;
				INFOPLIST_KEY_UISupportedInterfaceOrientations_iPad = "UIInterfaceOrientationPortrait UIInterfaceOrientationPortraitUpsideDown UIInterfaceOrientationLandscapeLeft UIInterfaceOrientationLandscapeRight";
				INFOPLIST_KEY_UISupportedInterfaceOrientations_iPhone = "UIInterfaceOrientationPortrait UIInterfaceOrientationLandscapeLeft UIInterfaceOrientationLandscapeRight";
				LD_RUNPATH_SEARCH_PATHS = (
					"$(inherited)",
					"@executable_path/Frameworks",
				);
				MARKETING_VERSION = 1.0;
				PRODUCT_BUNDLE_IDENTIFIER = com.callJson.GameData;
				PRODUCT_NAME = "$(TARGET_NAME)";
				SWIFT_EMIT_LOC_STRINGS = YES;
				SWIFT_VERSION = 5.0;
				TARGETED_DEVICE_FAMILY = "1,2";
			};
			name = Debug;
		};
		F51F290E2B87019F0075C161 /* Release */ = {
			isa = XCBuildConfiguration;
			buildSettings = {
				ASSETCATALOG_COMPILER_APPICON_NAME = AppIcon;
				ASSETCATALOG_COMPILER_GLOBAL_ACCENT_COLOR_NAME = AccentColor;
				CODE_SIGN_STYLE = Automatic;
				CURRENT_PROJECT_VERSION = 1;
				DEVELOPMENT_ASSET_PATHS = "\"GameData/Preview Content\"";
				ENABLE_PREVIEWS = YES;
				GENERATE_INFOPLIST_FILE = YES;
				INFOPLIST_KEY_UIApplicationSceneManifest_Generation = YES;
				INFOPLIST_KEY_UIApplicationSupportsIndirectInputEvents = YES;
				INFOPLIST_KEY_UILaunchScreen_Generation = YES;
				INFOPLIST_KEY_UISupportedInterfaceOrientations_iPad = "UIInterfaceOrientationPortrait UIInterfaceOrientationPortraitUpsideDown UIInterfaceOrientationLandscapeLeft UIInterfaceOrientationLandscapeRight";
				INFOPLIST_KEY_UISupportedInterfaceOrientations_iPhone = "UIInterfaceOrientationPortrait UIInterfaceOrientationLandscapeLeft UIInterfaceOrientationLandscapeRight";
				LD_RUNPATH_SEARCH_PATHS = (
					"$(inherited)",
					"@executable_path/Frameworks",
				);
				MARKETING_VERSION = 1.0;
				PRODUCT_BUNDLE_IDENTIFIER = com.callJson.GameData;
				PRODUCT_NAME = "$(TARGET_NAME)";
				SWIFT_EMIT_LOC_STRINGS = YES;
				SWIFT_VERSION = 5.0;
				TARGETED_DEVICE_FAMILY = "1,2";
			};
			name = Release;
		};
/* End XCBuildConfiguration section */

/* Begin XCConfigurationList section */
		F51F28F92B87019C0075C161 /* Build configuration list for PBXProject "GameData" */ = {
			isa = XCConfigurationList;
			buildConfigurations = (
				F51F290A2B87019F0075C161 /* Debug */,
				F51F290B2B87019F0075C161 /* Release */,
			);
			defaultConfigurationIsVisible = 0;
			defaultConfigurationName = Release;
		};
		F51F290C2B87019F0075C161 /* Build configuration list for PBXNativeTarget "GameData" */ = {
			isa = XCConfigurationList;
			buildConfigurations = (
				F51F290D2B87019F0075C161 /* Debug */,
				F51F290E2B87019F0075C161 /* Release */,
			);
			defaultConfigurationIsVisible = 0;
			defaultConfigurationName = Release;
		};
/* End XCConfigurationList section */
	};
	rootObject = F51F28F62B87019C0075C161 /* Project object */;
}
